{
  "requires": true,
  "lockfileVersion": 1,
  "dependencies": {
    "@material/animation": {
      "version": "3.1.0",
      "resolved": "https://registry.npmjs.org/@material/animation/-/animation-3.1.0.tgz",
      "integrity": "sha512-ZfP95awrPBLhpaCTPNx+xKYPp2D88fzf5p5YNVp6diUAGRpq3g12Aq7qJfIHDXAFo5CtrYhgOKRqIKxUVcFisQ==",
      "requires": {
        "tslib": "^1.9.3"
      }
    },
    "@material/base": {
      "version": "3.1.0",
      "resolved": "https://registry.npmjs.org/@material/base/-/base-3.1.0.tgz",
      "integrity": "sha512-pWEBHyPrMV3rdnjqWWH96h5t3MxQI6V1J9jOor+UBG7bXQtr6InTabTqhz5CLY7r+qZU8YvNh2OKIy8heP0cyQ==",
      "requires": {
        "tslib": "^1.9.3"
      }
    },
    "@material/button": {
      "version": "3.2.0",
      "resolved": "https://registry.npmjs.org/@material/button/-/button-3.2.0.tgz",
      "integrity": "sha512-VEASy3Dtc7BCo8/cuUIp6w0+/l4U1myGZffK5GeFVInP/erStSQOmYXT7jGXkZpUglRzWOpVvEpc6nsvhMqGbw==",
      "requires": {
        "@material/elevation": "^3.1.0",
        "@material/feature-targeting": "^3.1.0",
        "@material/ripple": "^3.2.0",
        "@material/rtl": "^3.2.0",
        "@material/shape": "^3.1.0",
        "@material/theme": "^3.1.0",
        "@material/typography": "^3.1.0"
      }
    },
    "@material/checkbox": {
      "version": "3.2.0",
      "resolved": "https://registry.npmjs.org/@material/checkbox/-/checkbox-3.2.0.tgz",
      "integrity": "sha512-4XgQ4sM40j60n4RN43BxXtkFVvyFQgo/vc0W5hf9Qz2uwEah46Shg1nHMYZNvcNW+FXRm96gH8zz3qFgEf1ytA==",
      "requires": {
        "@material/animation": "^3.1.0",
        "@material/base": "^3.1.0",
        "@material/dom": "^3.1.0",
        "@material/feature-targeting": "^3.1.0",
        "@material/ripple": "^3.2.0",
        "@material/rtl": "^3.2.0",
        "@material/theme": "^3.1.0",
        "tslib": "^1.9.3"
      }
    },
    "@material/dialog": {
      "version": "3.2.0",
      "resolved": "https://registry.npmjs.org/@material/dialog/-/dialog-3.2.0.tgz",
      "integrity": "sha512-qcxPxIxEYlDWvWAIaYbgRXluctzIvuCMZISuIUomXnd8t7nc4xVLuNHRubXGCtnIHyoE3Vb7IQEqAGM2ZjWxuw==",
      "requires": {
        "@material/animation": "^3.1.0",
        "@material/base": "^3.1.0",
        "@material/dom": "^3.1.0",
        "@material/elevation": "^3.1.0",
        "@material/feature-targeting": "^3.1.0",
        "@material/ripple": "^3.2.0",
        "@material/rtl": "^3.2.0",
        "@material/shape": "^3.1.0",
        "@material/theme": "^3.1.0",
        "@material/typography": "^3.1.0",
        "focus-trap": "^5.0.0",
        "tslib": "^1.9.3"
      }
    },
    "@material/dom": {
      "version": "3.1.0",
      "resolved": "https://registry.npmjs.org/@material/dom/-/dom-3.1.0.tgz",
      "integrity": "sha512-RtBLSkrBjMfHwknaGBifAIC8cBWF9pXjz2IYqfI2braB6SfQI4vhdJviwyiA5BmA/psn3cKpBUZbHI0ym0O0SQ==",
      "requires": {
        "tslib": "^1.9.3"
      }
    },
    "@material/elevation": {
      "version": "3.1.0",
      "resolved": "https://registry.npmjs.org/@material/elevation/-/elevation-3.1.0.tgz",
      "integrity": "sha512-e45LqiG6LfbR1M52YkSLA7pQPeYJOuOVzLp27xy2072TnLuJexMxhEaG4O1novEIjsTtMjqfrfJ/koODU5vEew==",
      "requires": {
        "@material/animation": "^3.1.0",
        "@material/feature-targeting": "^3.1.0",
        "@material/theme": "^3.1.0"
      }
    },
    "@material/feature-targeting": {
      "version": "3.1.0",
      "resolved": "https://registry.npmjs.org/@material/feature-targeting/-/feature-targeting-3.1.0.tgz",
      "integrity": "sha512-aXAa1Pv6w32URacE9LfMsl9zI6hFwx1K0Lp3Xpyf4rAkmaAB6z0gOkhicOrVFc0f64YheJgHjE7hJFieVenQdw=="
    },
    "@material/floating-label": {
      "version": "3.2.0",
      "resolved": "https://registry.npmjs.org/@material/floating-label/-/floating-label-3.2.0.tgz",
      "integrity": "sha512-szzsSou+xXj3E6InEuOCr8E28IE5EdcBfKRaHoR5EBkzgcRxLuZkFSqD19zsUgVErdTCcRSbeU9mYa6cP8+Nzw==",
      "requires": {
        "@material/animation": "^3.1.0",
        "@material/base": "^3.1.0",
        "@material/rtl": "^3.2.0",
        "@material/theme": "^3.1.0",
        "@material/typography": "^3.1.0",
        "tslib": "^1.9.3"
      }
    },
    "@material/form-field": {
      "version": "3.2.0",
      "resolved": "https://registry.npmjs.org/@material/form-field/-/form-field-3.2.0.tgz",
      "integrity": "sha512-4XjZGy1S966IOUxFaRAKcZOvr5qqvx8r1RMvfCsEzTB45y9Lo2puilNyCtatVAULRxCwszZb7Kbd++cpmMpzZA==",
      "requires": {
        "@material/base": "^3.1.0",
        "@material/feature-targeting": "^3.1.0",
        "@material/ripple": "^3.2.0",
        "@material/rtl": "^3.2.0",
        "@material/theme": "^3.1.0",
        "@material/typography": "^3.1.0",
        "tslib": "^1.9.3"
      }
    },
    "@material/icon-button": {
      "version": "3.2.0",
      "resolved": "https://registry.npmjs.org/@material/icon-button/-/icon-button-3.2.0.tgz",
      "integrity": "sha512-UTX1q4x5FxntBeb5TxBsXIjbhwFjQxJxovaUGo8+eUL9V9tU6rJ3NnlrFirx9gZnFIU1Xpssm91NCItVZy/Dpg==",
      "requires": {
        "@material/base": "^3.1.0",
        "@material/feature-targeting": "^3.1.0",
        "@material/ripple": "^3.2.0",
        "@material/theme": "^3.1.0",
        "tslib": "^1.9.3"
      }
    },
    "@material/line-ripple": {
      "version": "3.1.0",
      "resolved": "https://registry.npmjs.org/@material/line-ripple/-/line-ripple-3.1.0.tgz",
      "integrity": "sha512-o6E6wrDqoOK4esCnM1MQ9t7DC/JQrzSrwYsYdqtOpGnr3G5Jx7WWVt6GEVh2eNXy8OnVYkJdQbMjyPVEVJb/Dg==",
      "requires": {
        "@material/animation": "^3.1.0",
        "@material/base": "^3.1.0",
        "@material/theme": "^3.1.0",
        "tslib": "^1.9.3"
      }
    },
    "@material/mwc-base": {
      "version": "0.9.0",
      "resolved": "https://registry.npmjs.org/@material/mwc-base/-/mwc-base-0.9.0.tgz",
      "integrity": "sha512-bTw4TgPvCk9RMYzNB6Zlr1veLMIyB/GRu1cJsGOoxbiedUPy/q0LCVtfFuy1BFjcXenf01vXHLc0PGP2FoYoXA==",
      "requires": {
        "@material/base": "^3.0.0",
        "@material/dom": "^3.1.0",
        "@material/ripple": "^3.0.0",
        "lit-element": "^2.2.1",
        "tslib": "^1.10.0"
      }
    },
    "@material/mwc-button": {
      "version": "0.9.0",
      "resolved": "https://registry.npmjs.org/@material/mwc-button/-/mwc-button-0.9.0.tgz",
      "integrity": "sha512-usGetCNBrYXldTYgp5WVHXHOCu57cj3nYa4U5txzyHXgQRgXeoykXFV1yGUvozFX2bT8VTAl1XBvOmRtIc3djw==",
      "requires": {
        "@material/button": "^3.0.0",
        "@material/mwc-base": "^0.9.0",
        "@material/mwc-icon": "^0.9.0",
        "@material/mwc-ripple": "^0.9.0",
        "lit-element": "^2.2.1",
        "lit-html": "^1.1.2",
        "tslib": "^1.10.0"
      }
    },
    "@material/mwc-checkbox": {
      "version": "0.9.0",
      "resolved": "https://registry.npmjs.org/@material/mwc-checkbox/-/mwc-checkbox-0.9.0.tgz",
      "integrity": "sha512-vN9xIcwt9tvX5AGGVcz0jj7CrbD9o8VME4JVs4wKVaQBZjPuvxH2icGaEkLKtYw2h7xgJN2e9iczNc4BsNNQzg==",
      "requires": {
        "@material/checkbox": "^3.0.0",
        "@material/mwc-base": "^0.9.0",
        "@material/mwc-ripple": "^0.9.0",
        "lit-element": "^2.2.1",
        "tslib": "^1.10.0"
      }
    },
    "@material/mwc-dialog": {
      "version": "0.9.0",
      "resolved": "https://registry.npmjs.org/@material/mwc-dialog/-/mwc-dialog-0.9.0.tgz",
      "integrity": "sha512-d9zYMhTf2bBuuf6xmlPw2nOL03OyotcTNZhhK5G5smFCZIBL3zE+r+4ygD14Iza7pWzT6TiMmDu3xjg6Rt75Mw==",
      "requires": {
        "@material/dialog": "^3.0.0",
        "blocking-elements": "^0.1.0",
        "lit-element": "^2.2.1",
        "lit-html": "^1.1.2",
        "tslib": "^1.10.0",
        "wicg-inert": "^3.0.0"
      }
    },
    "@material/mwc-floating-label": {
      "version": "0.9.0",
      "resolved": "https://registry.npmjs.org/@material/mwc-floating-label/-/mwc-floating-label-0.9.0.tgz",
      "integrity": "sha512-UskDTWd5L4o4Vy77reJw/co0Z7MxPxHvhhOWUNchnGsDA/MBvJ0NI4xYu8Hjc2sxO5hqFYSH6dO2GFYgXHlOWw==",
      "requires": {
        "@material/floating-label": "^3.0.0",
        "lit-element": "^2.2.1",
        "lit-html": "^1.1.2",
        "tslib": "^1.10.0"
      }
    },
    "@material/mwc-formfield": {
      "version": "0.9.0",
      "resolved": "https://registry.npmjs.org/@material/mwc-formfield/-/mwc-formfield-0.9.0.tgz",
      "integrity": "sha512-wYokZnJuA42X3EomxNJzrkV7SoZKbWnjpMo4v1edkr9wlMV6YQkdcS5udBRPn0A1Lk1RTzjzvqF/SzCIHG7dUw==",
      "requires": {
        "@material/form-field": "^3.0.0",
        "@material/mwc-base": "^0.9.0",
        "lit-element": "^2.2.1",
        "lit-html": "^1.1.2",
        "tslib": "^1.10.0"
      }
    },
    "@material/mwc-icon": {
      "version": "0.9.0",
      "resolved": "https://registry.npmjs.org/@material/mwc-icon/-/mwc-icon-0.9.0.tgz",
      "integrity": "sha512-7oHK4MDVzhN0Y6kkHBOEYN44aaV3aNcmyWRxqB4Dc4rIxRl1nlaOJzW0mFWRNEMIUEUb8wOH2afiDjBXS9ocNg==",
      "requires": {
        "@material/mwc-base": "^0.9.0",
        "lit-element": "^2.2.1",
        "tslib": "^1.10.0"
      }
    },
    "@material/mwc-line-ripple": {
      "version": "0.9.0",
      "resolved": "https://registry.npmjs.org/@material/mwc-line-ripple/-/mwc-line-ripple-0.9.0.tgz",
      "integrity": "sha512-am/iiXZYQcm//QveGhDlHOSiw61aWLA4jA6GwZdqN/mhDM7m35H5CIrP7Rn2i14cd1vyC9ugdrjZcOHwOpyE4g==",
      "requires": {
        "@material/line-ripple": "^3.0.0",
        "lit-element": "^2.2.1",
        "lit-html": "^1.1.2",
        "tslib": "^1.10.0"
      }
    },
    "@material/mwc-notched-outline": {
      "version": "0.9.0",
      "resolved": "https://registry.npmjs.org/@material/mwc-notched-outline/-/mwc-notched-outline-0.9.0.tgz",
      "integrity": "sha512-Ah5l7lkvN2Q190zZYY6mwHD1Nb5WQ4AshoWvppvuHT1jCulH3FIU5inTpyjgum86YwRR0VBWSzQhd5vdduuTpA==",
      "requires": {
        "@material/mwc-base": "^0.9.0",
        "@material/notched-outline": "^3.0.0",
        "@material/shape": "^3.0.0",
        "@material/theme": "^3.0.0",
        "lit-element": "^2.2.1",
        "tslib": "^1.10.0"
      }
    },
    "@material/mwc-ripple": {
      "version": "0.9.0",
      "resolved": "https://registry.npmjs.org/@material/mwc-ripple/-/mwc-ripple-0.9.0.tgz",
      "integrity": "sha512-scz2SFc679zTo4/bqldkUvD9gdMVr8g21DlGE2orTSkGomrLJVpT9OKWOSc1LOqTiwPBXcd7Wt9Q4SdBhtKXZg==",
      "requires": {
        "@material/dom": "^3.1.0",
        "@material/mwc-base": "^0.9.0",
        "@material/ripple": "^3.0.0",
        "lit-element": "^2.2.1",
        "lit-html": "^1.1.2",
        "tslib": "^1.10.0"
      }
    },
    "@material/mwc-snackbar": {
      "version": "0.9.0",
      "resolved": "https://registry.npmjs.org/@material/mwc-snackbar/-/mwc-snackbar-0.9.0.tgz",
      "integrity": "sha512-+FApwKMPmJf7ExbGjn5zCI3ac172qqM5TMBtvH5NqOn/mSc5Q26jIB9SozAbvjAVJdRXuaP6oe/2yuc/h3vGVw==",
      "requires": {
        "@material/mwc-base": "^0.9.0",
        "@material/snackbar": "^3.0.0",
        "lit-element": "^2.2.1",
        "lit-html": "^1.1.2",
        "tslib": "^1.10.0"
      }
    },
    "@material/mwc-tab": {
      "version": "0.9.0",
      "resolved": "https://registry.npmjs.org/@material/mwc-tab/-/mwc-tab-0.9.0.tgz",
      "integrity": "sha512-hTUkrWm+FM5SvlEIhNMqhHWcCrXIQe25oueixFZ+v5xsZJOg5S940/JxwvZG1df/v6XwPvgZYq+IOcSHM5bL1g==",
      "requires": {
        "@material/mwc-base": "^0.9.0",
        "@material/mwc-icon": "^0.9.0",
        "@material/mwc-ripple": "^0.9.0",
        "@material/mwc-tab-indicator": "^0.9.0",
        "@material/tab": "^3.0.0",
        "lit-element": "^2.2.1",
        "lit-html": "^1.1.2",
        "tslib": "^1.10.0"
      }
    },
    "@material/mwc-tab-bar": {
      "version": "0.9.0",
      "resolved": "https://registry.npmjs.org/@material/mwc-tab-bar/-/mwc-tab-bar-0.9.0.tgz",
      "integrity": "sha512-ukLEEGiilO1LhEUHZ/VxEKg7p9cU2dlS1J6PPebLmuxaggMF+35PWFcxxmw/u2xK1B+R8pyn89raAxRLWAhlGA==",
      "requires": {
        "@material/mwc-base": "^0.9.0",
        "@material/mwc-tab": "^0.9.0",
        "@material/mwc-tab-scroller": "^0.9.0",
        "@material/tab-bar": "^3.0.0",
        "lit-element": "^2.2.1",
        "tslib": "^1.10.0"
      }
    },
    "@material/mwc-tab-indicator": {
      "version": "0.9.0",
      "resolved": "https://registry.npmjs.org/@material/mwc-tab-indicator/-/mwc-tab-indicator-0.9.0.tgz",
      "integrity": "sha512-xOr4Nef7oUKgHFeUxEcwgFkK57eON4Wodx45/T7kwNqQYLM1NILXYPsnVFMeo1f2V2UAQ2O435OPlKCBXxnYoA==",
      "requires": {
        "@material/mwc-base": "^0.9.0",
        "@material/tab-indicator": "^3.0.0",
        "lit-element": "^2.2.1",
        "lit-html": "^1.1.2",
        "tslib": "^1.10.0"
      }
    },
    "@material/mwc-tab-scroller": {
      "version": "0.9.0",
      "resolved": "https://registry.npmjs.org/@material/mwc-tab-scroller/-/mwc-tab-scroller-0.9.0.tgz",
      "integrity": "sha512-/IaKL0C8dlJFHTti55uzvrYBXv12ex7cgp/jDXhdRjDjEU9IgDCK66heeWmiwBl5WAp4UrShO7ZzQ/a1zj2CXw==",
      "requires": {
        "@material/dom": "^3.1.0",
        "@material/mwc-base": "^0.9.0",
        "@material/tab-scroller": "^3.0.0",
        "lit-element": "^2.2.1",
        "tslib": "^1.10.0"
      }
    },
    "@material/mwc-textarea": {
      "version": "0.9.0",
      "resolved": "https://registry.npmjs.org/@material/mwc-textarea/-/mwc-textarea-0.9.0.tgz",
      "integrity": "sha512-vKSXQ2vngUgfO00IVuhK0HXMnU+Hh+hKqszp25MWecgx9+7AeJvOce3QGE4o6OIeu0VG+RkBavEW/0YiVYLLsg==",
      "requires": {
        "@material/mwc-base": "^0.9.0",
        "@material/mwc-textfield": "^0.9.0",
        "@material/textfield": "^3.0.0",
        "lit-element": "^2.2.1",
        "lit-html": "^1.1.2",
        "tslib": "^1.10.0"
      }
    },
    "@material/mwc-textfield": {
      "version": "0.9.0",
      "resolved": "https://registry.npmjs.org/@material/mwc-textfield/-/mwc-textfield-0.9.0.tgz",
      "integrity": "sha512-qisrvu9KbLyAc1oAFw5y+aw7CAzWK9z+giHzPWsUNCtAfhEoWRJwVC4NljrHw2vH/4B3eOgaaUT+wbqlw10jWg==",
      "requires": {
        "@material/floating-label": "^3.0.0",
        "@material/line-ripple": "^3.0.0",
        "@material/mwc-base": "^0.9.0",
        "@material/mwc-floating-label": "^0.9.0",
        "@material/mwc-icon": "^0.9.0",
        "@material/mwc-line-ripple": "^0.9.0",
        "@material/mwc-notched-outline": "^0.9.0",
        "@material/shape": "^3.0.0",
        "@material/textfield": "^3.0.0",
        "@material/theme": "^3.0.0",
        "lit-element": "^2.2.1",
        "lit-html": "^1.1.2",
        "tslib": "^1.10.0"
      }
    },
    "@material/notched-outline": {
      "version": "3.2.0",
      "resolved": "https://registry.npmjs.org/@material/notched-outline/-/notched-outline-3.2.0.tgz",
      "integrity": "sha512-IFuxVoQqlOy/WSSawI2Fglh/U1hS0QtVUiGsc8GUoVUd1pifn7RXidHP3vQrMDEo8M/RwA9p6uveQKjPwW41RA==",
      "requires": {
        "@material/animation": "^3.1.0",
        "@material/base": "^3.1.0",
        "@material/floating-label": "^3.2.0",
        "@material/rtl": "^3.2.0",
        "@material/shape": "^3.1.0",
        "@material/theme": "^3.1.0",
        "tslib": "^1.9.3"
      }
    },
    "@material/ripple": {
      "version": "3.2.0",
      "resolved": "https://registry.npmjs.org/@material/ripple/-/ripple-3.2.0.tgz",
      "integrity": "sha512-GtwkfNakALmfGLs6TpdFIVeAWjRqbyT7WfEw9aU7elUokABfHES+O0KoSKQSMQiSQ8Vjl90MONzNsN1Evi/1YQ==",
      "requires": {
        "@material/animation": "^3.1.0",
        "@material/base": "^3.1.0",
        "@material/dom": "^3.1.0",
        "@material/feature-targeting": "^3.1.0",
        "@material/theme": "^3.1.0",
        "tslib": "^1.9.3"
      }
    },
    "@material/rtl": {
      "version": "3.2.0",
      "resolved": "https://registry.npmjs.org/@material/rtl/-/rtl-3.2.0.tgz",
      "integrity": "sha512-L/w9m9Yx1ceOw/VjEfeJoqD4rW9QP3IBb9MamXAg3qUi/zsztoXD/FUw179pxkLn4huFFNlVYZ4Y1y6BpM0PMA=="
    },
    "@material/shape": {
      "version": "3.1.0",
      "resolved": "https://registry.npmjs.org/@material/shape/-/shape-3.1.0.tgz",
      "integrity": "sha512-Oyvs7YjHfByA0e9IVVp7ojAlPwgSu3Bl0cioiE0OdkidkAaNu0izM2ryRzMBDH5o8+lRD0kpZoT+9CVVCdaYIg==",
      "requires": {
        "@material/feature-targeting": "^3.1.0"
      }
    },
    "@material/snackbar": {
      "version": "3.2.0",
      "resolved": "https://registry.npmjs.org/@material/snackbar/-/snackbar-3.2.0.tgz",
      "integrity": "sha512-WVA+dJYbzDMlPpXCdkGEQqi1+tHqV8a9tKBYlr4Vy+3UUaEl6gIomRiWNnagoodhOwGQhyugCeLKHtmVn72IZA==",
      "requires": {
        "@material/animation": "^3.1.0",
        "@material/base": "^3.1.0",
        "@material/button": "^3.2.0",
        "@material/dom": "^3.1.0",
        "@material/feature-targeting": "^3.1.0",
        "@material/icon-button": "^3.2.0",
        "@material/ripple": "^3.2.0",
        "@material/rtl": "^3.2.0",
        "@material/shape": "^3.1.0",
        "@material/theme": "^3.1.0",
        "@material/typography": "^3.1.0",
        "tslib": "^1.9.3"
      }
    },
    "@material/tab": {
      "version": "3.2.0",
      "resolved": "https://registry.npmjs.org/@material/tab/-/tab-3.2.0.tgz",
      "integrity": "sha512-O1/ZrBQ/g+fI8jrrpfBDq55BhEPISrFvZeiIVQshQuyZh5bLYYhjMXbOsjC1UYu11rWqAiP+8jDgIyxQT9DHwQ==",
      "requires": {
        "@material/base": "^3.1.0",
        "@material/feature-targeting": "^3.1.0",
        "@material/ripple": "^3.2.0",
        "@material/rtl": "^3.2.0",
        "@material/tab-indicator": "^3.1.0",
        "@material/theme": "^3.1.0",
        "@material/typography": "^3.1.0",
        "tslib": "^1.9.3"
      }
    },
    "@material/tab-bar": {
      "version": "3.2.0",
      "resolved": "https://registry.npmjs.org/@material/tab-bar/-/tab-bar-3.2.0.tgz",
      "integrity": "sha512-PMSGLhuDm0iE4BQb9DovgKJD9EoKowQhKwXQBt/+5rlSaRshV8X0Gd1YlKgFVX7EAGK2Dfz5u60TFq00gMemXg==",
      "requires": {
        "@material/base": "^3.1.0",
        "@material/elevation": "^3.1.0",
        "@material/feature-targeting": "^3.1.0",
        "@material/tab": "^3.2.0",
        "@material/tab-scroller": "^3.2.0",
        "tslib": "^1.9.3"
      }
    },
    "@material/tab-indicator": {
      "version": "3.1.0",
      "resolved": "https://registry.npmjs.org/@material/tab-indicator/-/tab-indicator-3.1.0.tgz",
      "integrity": "sha512-U4H1bg792ZP4BzjiG3i3htHKmRGlGUZ8c9iroRN6W5B4hYQ5/4DbFA2h2OaAZ1fhyjHiyFosK5ctvgu7qSfZ/g==",
      "requires": {
        "@material/animation": "^3.1.0",
        "@material/base": "^3.1.0",
        "@material/feature-targeting": "^3.1.0",
        "@material/theme": "^3.1.0",
        "tslib": "^1.9.3"
      }
    },
    "@material/tab-scroller": {
      "version": "3.2.0",
      "resolved": "https://registry.npmjs.org/@material/tab-scroller/-/tab-scroller-3.2.0.tgz",
      "integrity": "sha512-tf7QkLd5Javik4jjHcz1P64btgljvC7IjlYZ8tfoYGbs75Z0MGa57heCypzve8QZFjBcmfiKkw61dFoUbtkU6g==",
      "requires": {
        "@material/animation": "^3.1.0",
        "@material/base": "^3.1.0",
        "@material/dom": "^3.1.0",
        "@material/feature-targeting": "^3.1.0",
        "@material/tab": "^3.2.0",
        "tslib": "^1.9.3"
      }
    },
    "@material/textfield": {
      "version": "3.2.0",
      "resolved": "https://registry.npmjs.org/@material/textfield/-/textfield-3.2.0.tgz",
      "integrity": "sha512-xPWDkTzurMOxvH0+DsenzboF7dFoUeLcbqX/9vyhWe3aPlO6ZWFNn3lAmYN24ElqR5FEr5zXNYfeIQ4JLT5mYw==",
      "requires": {
        "@material/animation": "^3.1.0",
        "@material/base": "^3.1.0",
        "@material/dom": "^3.1.0",
        "@material/floating-label": "^3.2.0",
        "@material/line-ripple": "^3.1.0",
        "@material/notched-outline": "^3.2.0",
        "@material/ripple": "^3.2.0",
        "@material/rtl": "^3.2.0",
        "@material/shape": "^3.1.0",
        "@material/theme": "^3.1.0",
        "@material/typography": "^3.1.0",
        "tslib": "^1.9.3"
      }
    },
    "@material/theme": {
      "version": "3.1.0",
      "resolved": "https://registry.npmjs.org/@material/theme/-/theme-3.1.0.tgz",
      "integrity": "sha512-N4JX+akOwg1faAvFvIEhDcwW4cZfUpwEn8lct6Vs3WczjLF6/KdIoLVaYh+eVl1bzfsoIuWvx56j0B1PjXZw9g==",
      "requires": {
        "@material/feature-targeting": "^3.1.0"
      }
    },
    "@material/typography": {
      "version": "3.1.0",
      "resolved": "https://registry.npmjs.org/@material/typography/-/typography-3.1.0.tgz",
      "integrity": "sha512-aSNBQvVxIH1kORSYdLGuSTivx6oJ1MSOSTUAsUwhXPQLQlvbdFeZaqUp7xgn+EvRsHGRFhWk5YGuiBds9+7zQg==",
      "requires": {
        "@material/feature-targeting": "^3.1.0"
      }
    },
    "blocking-elements": {
      "version": "0.1.0",
      "resolved": "https://registry.npmjs.org/blocking-elements/-/blocking-elements-0.1.0.tgz",
      "integrity": "sha512-m9UvynAHLhlWH4vSovSDAopW7DyJ91qeDnNrJqy+DE+tjhUYiXW1x7pOm3DZBczlQPPypWpOwOz5xd5A76vNvg=="
    },
    "focus-trap": {
      "version": "5.0.2",
      "resolved": "https://registry.npmjs.org/focus-trap/-/focus-trap-5.0.2.tgz",
      "integrity": "sha512-jQf4ZkX9qOhiNrga4pRh9N2vMqYLRuGM7RZ6VRDLgti04cbG8m7XD4xlU/N0M0cqwDYtXbdzSBQDbRIwqn0FIg==",
      "requires": {
        "tabbable": "^4.0.0",
        "xtend": "^4.0.1"
      }
    },
    "lit-element": {
      "version": "2.2.1",
      "resolved": "https://registry.npmjs.org/lit-element/-/lit-element-2.2.1.tgz",
      "integrity": "sha512-ipDcgQ1EpW6Va2Z6dWm79jYdimVepO5GL0eYkZrFvdr0OD/1N260Q9DH+K5HXHFrRoC7dOg+ZpED2XE0TgGdXw==",
      "requires": {
        "lit-html": "^1.0.0"
      }
    },
    "lit-html": {
      "version": "1.1.2",
      "resolved": "https://registry.npmjs.org/lit-html/-/lit-html-1.1.2.tgz",
      "integrity": "sha512-FFlUMKHKi+qG1x1iHNZ1hrtc/zHmfYTyrSvs3/wBTvaNtpZjOZGWzU7efGYVpgp6KvWeKF6ql9/KsCq6Z/mEDA=="
    },
    "tabbable": {
      "version": "4.0.0",
      "resolved": "https://registry.npmjs.org/tabbable/-/tabbable-4.0.0.tgz",
      "integrity": "sha512-H1XoH1URcBOa/rZZWxLxHCtOdVUEev+9vo5YdYhC9tCY4wnybX+VQrCYuy9ubkg69fCBxCONJOSLGfw0DWMffQ=="
    },
    "tslib": {
      "version": "1.10.0",
      "resolved": "https://registry.npmjs.org/tslib/-/tslib-1.10.0.tgz",
      "integrity": "sha512-qOebF53frne81cf0S9B41ByenJ3/IuH8yJKngAX35CmiZySA0khhkovshKK+jGCaMnVomla7gVlIcc3EvKPbTQ=="
    },
    "typescript-bundle": {
      "version": "1.0.16",
      "resolved": "https://registry.npmjs.org/typescript-bundle/-/typescript-bundle-1.0.16.tgz",
      "integrity": "sha512-J0JXGjNNk32QOCRERYyQc99N5iZo5lcSiQJRELik5qHUS1xAe6H0ulqWX0UtUCWG9rvKBfMSD6EbuFLLKvDCqA==",
      "dev": true
    },
    "wicg-inert": {
      "version": "3.0.0",
      "resolved": "https://registry.npmjs.org/wicg-inert/-/wicg-inert-3.0.0.tgz",
      "integrity": "sha512-sZsYZ8pk8y6CgDLkTxivfhLDBvZuDWTWBawU8OuDdO0Id6AOd1Gqjkvt9g9Ni7rgHIS7UbRvbLSv1z7MSJDYCA=="
    },
    "xtend": {
      "version": "4.0.2",
      "resolved": "https://registry.npmjs.org/xtend/-/xtend-4.0.2.tgz",
      "integrity": "sha512-LKYU1iAXJXUgAXn9URjiu+MWhyUXHsvfp7mcuYm9dSUKK0/CjtrUwFAxD82/mCWbtLsGjFIad0wIsod4zrTAEQ=="
    }
  }
}
